// !$*UTF8*$!
{
	archiveVersion = 1;
	classes = {
	};
	objectVersion = 50;
	objects = {

/* Begin PBXBuildFile section */
		F71C69F621CD48C400E4CDE5 /* AppDelegate.m in Sources */ = {isa = PBXBuildFile; fileRef = F71C69F521CD48C400E4CDE5 /* AppDelegate.m */; };
		F71C69FC21CD48C400E4CDE5 /* Main.storyboard in Resources */ = {isa = PBXBuildFile; fileRef = F71C69FA21CD48C400E4CDE5 /* Main.storyboard */; };
		F71C69FE21CD48C600E4CDE5 /* Assets.xcassets in Resources */ = {isa = PBXBuildFile; fileRef = F71C69FD21CD48C600E4CDE5 /* Assets.xcassets */; };
		F71C6A0121CD48C600E4CDE5 /* LaunchScreen.storyboard in Resources */ = {isa = PBXBuildFile; fileRef = F71C69FF21CD48C600E4CDE5 /* LaunchScreen.storyboard */; };
		F71C6A0421CD48C600E4CDE5 /* main.m in Sources */ = {isa = PBXBuildFile; fileRef = F71C6A0321CD48C600E4CDE5 /* main.m */; };
		F71C6A1121CD496F00E4CDE5 /* BMMovie.m in Sources */ = {isa = PBXBuildFile; fileRef = F71C6A1021CD496F00E4CDE5 /* BMMovie.m */; };
		F71C6A1421CD497F00E4CDE5 /* BMMovieController.m in Sources */ = {isa = PBXBuildFile; fileRef = F71C6A1321CD497F00E4CDE5 /* BMMovieController.m */; };
		F71C6A1721CD5F2900E4CDE5 /* MovieListTableViewController.swift in Sources */ = {isa = PBXBuildFile; fileRef = F71C6A1621CD5F2900E4CDE5 /* MovieListTableViewController.swift */; };
		F71C6A1A21CD602D00E4CDE5 /* MovieTableViewCell.swift in Sources */ = {isa = PBXBuildFile; fileRef = F71C6A1921CD602D00E4CDE5 /* MovieTableViewCell.swift */; };
/* End PBXBuildFile section */

/* Begin PBXFileReference section */
		F71C69F121CD48C400E4CDE5 /* MovieAppObjC23.app */ = {isa = PBXFileReference; explicitFileType = wrapper.application; includeInIndex = 0; path = MovieAppObjC23.app; sourceTree = BUILT_PRODUCTS_DIR; };
		F71C69F421CD48C400E4CDE5 /* AppDelegate.h */ = {isa = PBXFileReference; lastKnownFileType = sourcecode.c.h; path = AppDelegate.h; sourceTree = "<group>"; };
		F71C69F521CD48C400E4CDE5 /* AppDelegate.m */ = {isa = PBXFileReference; lastKnownFileType = sourcecode.c.objc; path = AppDelegate.m; sourceTree = "<group>"; };
		F71C69FB21CD48C400E4CDE5 /* Base */ = {isa = PBXFileReference; lastKnownFileType = file.storyboard; name = Base; path = Base.lproj/Main.storyboard; sourceTree = "<group>"; };
		F71C69FD21CD48C600E4CDE5 /* Assets.xcassets */ = {isa = PBXFileReference; lastKnownFileType = folder.assetcatalog; path = Assets.xcassets; sourceTree = "<group>"; };
		F71C6A0021CD48C600E4CDE5 /* Base */ = {isa = PBXFileReference; lastKnownFileType = file.storyboard; name = Base; path = Base.lproj/LaunchScreen.storyboard; sourceTree = "<group>"; };
		F71C6A0221CD48C600E4CDE5 /* Info.plist */ = {isa = PBXFileReference; lastKnownFileType = text.plist.xml; path = Info.plist; sourceTree = "<group>"; };
		F71C6A0321CD48C600E4CDE5 /* main.m */ = {isa = PBXFileReference; lastKnownFileType = sourcecode.c.objc; path = main.m; sourceTree = "<group>"; };
		F71C6A0F21CD496F00E4CDE5 /* BMMovie.h */ = {isa = PBXFileReference; lastKnownFileType = sourcecode.c.h; path = BMMovie.h; sourceTree = "<group>"; };
		F71C6A1021CD496F00E4CDE5 /* BMMovie.m */ = {isa = PBXFileReference; lastKnownFileType = sourcecode.c.objc; path = BMMovie.m; sourceTree = "<group>"; };
		F71C6A1221CD497F00E4CDE5 /* BMMovieController.h */ = {isa = PBXFileReference; lastKnownFileType = sourcecode.c.h; path = BMMovieController.h; sourceTree = "<group>"; };
		F71C6A1321CD497F00E4CDE5 /* BMMovieController.m */ = {isa = PBXFileReference; lastKnownFileType = sourcecode.c.objc; path = BMMovieController.m; sourceTree = "<group>"; };
		F71C6A1521CD5F2800E4CDE5 /* MovieAppObjC23-Bridging-Header.h */ = {isa = PBXFileReference; lastKnownFileType = sourcecode.c.h; path = "MovieAppObjC23-Bridging-Header.h"; sourceTree = "<group>"; };
		F71C6A1621CD5F2900E4CDE5 /* MovieListTableViewController.swift */ = {isa = PBXFileReference; lastKnownFileType = sourcecode.swift; path = MovieListTableViewController.swift; sourceTree = "<group>"; };
		F71C6A1921CD602D00E4CDE5 /* MovieTableViewCell.swift */ = {isa = PBXFileReference; lastKnownFileType = sourcecode.swift; path = MovieTableViewCell.swift; sourceTree = "<group>"; };
/* End PBXFileReference section */

/* Begin PBXFrameworksBuildPhase section */
		F71C69EE21CD48C400E4CDE5 /* Frameworks */ = {
			isa = PBXFrameworksBuildPhase;
			buildActionMask = 2147483647;
			files = (
			);
			runOnlyForDeploymentPostprocessing = 0;
		};
/* End PBXFrameworksBuildPhase section */

/* Begin PBXGroup section */
		F71C69E821CD48C400E4CDE5 = {
			isa = PBXGroup;
			children = (
				F71C69F321CD48C400E4CDE5 /* MovieAppObjC23 */,
				F71C69F221CD48C400E4CDE5 /* Products */,
			);
			sourceTree = "<group>";
		};
		F71C69F221CD48C400E4CDE5 /* Products */ = {
			isa = PBXGroup;
			children = (
				F71C69F121CD48C400E4CDE5 /* MovieAppObjC23.app */,
			);
			name = Products;
			sourceTree = "<group>";
		};
		F71C69F321CD48C400E4CDE5 /* MovieAppObjC23 */ = {
			isa = PBXGroup;
			children = (
				F71C6A0E21CD494800E4CDE5 /* view controllers */,
				F71C6A0D21CD493E00E4CDE5 /* model controller */,
				F71C6A0C21CD493000E4CDE5 /* model */,
				F71C6A0B21CD492400E4CDE5 /* storyboards */,
				F71C6A0A21CD48FE00E4CDE5 /* resources */,
			);
			path = MovieAppObjC23;
			sourceTree = "<group>";
		};
		F71C6A0A21CD48FE00E4CDE5 /* resources */ = {
			isa = PBXGroup;
			children = (
				F71C69F421CD48C400E4CDE5 /* AppDelegate.h */,
				F71C69F521CD48C400E4CDE5 /* AppDelegate.m */,
				F71C69FD21CD48C600E4CDE5 /* Assets.xcassets */,
				F71C6A0221CD48C600E4CDE5 /* Info.plist */,
				F71C6A0321CD48C600E4CDE5 /* main.m */,
			);
			path = resources;
			sourceTree = "<group>";
		};
		F71C6A0B21CD492400E4CDE5 /* storyboards */ = {
			isa = PBXGroup;
			children = (
				F71C69FA21CD48C400E4CDE5 /* Main.storyboard */,
				F71C69FF21CD48C600E4CDE5 /* LaunchScreen.storyboard */,
			);
			path = storyboards;
			sourceTree = "<group>";
		};
		F71C6A0C21CD493000E4CDE5 /* model */ = {
			isa = PBXGroup;
			children = (
				F71C6A0F21CD496F00E4CDE5 /* BMMovie.h */,
				F71C6A1021CD496F00E4CDE5 /* BMMovie.m */,
			);
			path = model;
			sourceTree = "<group>";
		};
		F71C6A0D21CD493E00E4CDE5 /* model controller */ = {
			isa = PBXGroup;
			children = (
				F71C6A1221CD497F00E4CDE5 /* BMMovieController.h */,
				F71C6A1321CD497F00E4CDE5 /* BMMovieController.m */,
			);
			path = "model controller";
			sourceTree = "<group>";
		};
		F71C6A0E21CD494800E4CDE5 /* view controllers */ = {
			isa = PBXGroup;
			children = (
				F71C6A1621CD5F2900E4CDE5 /* MovieListTableViewController.swift */,
				F71C6A1821CD601200E4CDE5 /* table view cell */,
				F71C6A1521CD5F2800E4CDE5 /* MovieAppObjC23-Bridging-Header.h */,
			);
			path = "view controllers";
			sourceTree = "<group>";
		};
		F71C6A1821CD601200E4CDE5 /* table view cell */ = {
			isa = PBXGroup;
			children = (
				F71C6A1921CD602D00E4CDE5 /* MovieTableViewCell.swift */,
			);
			path = "table view cell";
			sourceTree = "<group>";
		};
/* End PBXGroup section */

/* Begin PBXNativeTarget section */
		F71C69F021CD48C400E4CDE5 /* MovieAppObjC23 */ = {
			isa = PBXNativeTarget;
			buildConfigurationList = F71C6A0721CD48C600E4CDE5 /* Build configuration list for PBXNativeTarget "MovieAppObjC23" */;
			buildPhases = (
				F71C69ED21CD48C400E4CDE5 /* Sources */,
				F71C69EE21CD48C400E4CDE5 /* Frameworks */,
				F71C69EF21CD48C400E4CDE5 /* Resources */,
			);
			buildRules = (
			);
			dependencies = (
			);
			name = MovieAppObjC23;
			productName = MovieAppObjC23;
			productReference = F71C69F121CD48C400E4CDE5 /* MovieAppObjC23.app */;
			productType = "com.apple.product-type.application";
		};
/* End PBXNativeTarget section */

/* Begin PBXProject section */
		F71C69E921CD48C400E4CDE5 /* Project object */ = {
			isa = PBXProject;
			attributes = {
				LastUpgradeCheck = 1010;
				ORGANIZATIONNAME = "Karissa McDaris";
				TargetAttributes = {
					F71C69F021CD48C400E4CDE5 = {
						CreatedOnToolsVersion = 10.1;
						LastSwiftMigration = 1010;
					};
				};
			};
			buildConfigurationList = F71C69EC21CD48C400E4CDE5 /* Build configuration list for PBXProject "MovieAppObjC23" */;
			compatibilityVersion = "Xcode 9.3";
			developmentRegion = en;
			hasScannedForEncodings = 0;
			knownRegions = (
				en,
				Base,
			);
			mainGroup = F71C69E821CD48C400E4CDE5;
			productRefGroup = F71C69F221CD48C400E4CDE5 /* Products */;
			projectDirPath = "";
			projectRoot = "";
			targets = (
				F71C69F021CD48C400E4CDE5 /* MovieAppObjC23 */,
			);
		};
/* End PBXProject section */

/* Begin PBXResourcesBuildPhase section */
		F71C69EF21CD48C400E4CDE5 /* Resources */ = {
			isa = PBXResourcesBuildPhase;
			buildActionMask = 2147483647;
			files = (
				F71C6A0121CD48C600E4CDE5 /* LaunchScreen.storyboard in Resources */,
				F71C69FE21CD48C600E4CDE5 /* Assets.xcassets in Resources */,
				F71C69FC21CD48C400E4CDE5 /* Main.storyboard in Resources */,
			);
			runOnlyForDeploymentPostprocessing = 0;
		};
/* End PBXResourcesBuildPhase section */

/* Begin PBXSourcesBuildPhase section */
		F71C69ED21CD48C400E4CDE5 /* Sources */ = {
			isa = PBXSourcesBuildPhase;
			buildActionMask = 2147483647;
			files = (
				F71C6A0421CD48C600E4CDE5 /* main.m in Sources */,
				F71C6A1421CD497F00E4CDE5 /* BMMovieController.m in Sources */,
				F71C6A1A21CD602D00E4CDE5 /* MovieTableViewCell.swift in Sources */,
				F71C6A1121CD496F00E4CDE5 /* BMMovie.m in Sources */,
				F71C69F621CD48C400E4CDE5 /* AppDelegate.m in Sources */,
				F71C6A1721CD5F2900E4CDE5 /* MovieListTableViewController.swift in Sources */,
			);
			runOnlyForDeploymentPostprocessing = 0;
		};
/* End PBXSourcesBuildPhase section */

/* Begin PBXVariantGroup section */
		F71C69FA21CD48C400E4CDE5 /* Main.storyboard */ = {
			isa = PBXVariantGroup;
			children = (
				F71C69FB21CD48C400E4CDE5 /* Base */,
			);
			name = Main.storyboard;
			sourceTree = "<group>";
		};
		F71C69FF21CD48C600E4CDE5 /* LaunchScreen.storyboard */ = {
			isa = PBXVariantGroup;
			children = (
				F71C6A0021CD48C600E4CDE5 /* Base */,
			);
			name = LaunchScreen.storyboard;
			sourceTree = "<group>";
		};
/* End PBXVariantGroup section */

/* Begin XCBuildConfiguration section */
		F71C6A0521CD48C600E4CDE5 /* Debug */ = {
			isa = XCBuildConfiguration;
			buildSettings = {
				ALWAYS_SEARCH_USER_PATHS = NO;
				CLANG_ANALYZER_NONNULL = YES;
				CLANG_ANALYZER_NUMBER_OBJECT_CONVERSION = YES_AGGRESSIVE;
				CLANG_CXX_LANGUAGE_STANDARD = "gnu++14";
				CLANG_CXX_LIBRARY = "libc++";
				CLANG_ENABLE_MODULES = YES;
				CLANG_ENABLE_OBJC_ARC = YES;
				CLANG_ENABLE_OBJC_WEAK = YES;
				CLANG_WARN_BLOCK_CAPTURE_AUTORELEASING = YES;
				CLANG_WARN_BOOL_CONVERSION = YES;
				CLANG_WARN_COMMA = YES;
				CLANG_WARN_CONSTANT_CONVERSION = YES;
				CLANG_WARN_DEPRECATED_OBJC_IMPLEMENTATIONS = YES;
				CLANG_WARN_DIRECT_OBJC_ISA_USAGE = YES_ERROR;
				CLANG_WARN_DOCUMENTATION_COMMENTS = YES;
				CLANG_WARN_EMPTY_BODY = YES;
				CLANG_WARN_ENUM_CONVERSION = YES;
				CLANG_WARN_INFINITE_RECURSION = YES;
				CLANG_WARN_INT_CONVERSION = YES;
				CLANG_WARN_NON_LITERAL_NULL_CONVERSION = YES;
				CLANG_WARN_OBJC_IMPLICIT_RETAIN_SELF = YES;
				CLANG_WARN_OBJC_LITERAL_CONVERSION = YES;
				CLANG_WARN_OBJC_ROOT_CLASS = YES_ERROR;
				CLANG_WARN_RANGE_LOOP_ANALYSIS = YES;
				CLANG_WARN_STRICT_PROTOTYPES = YES;
				CLANG_WARN_SUSPICIOUS_MOVE = YES;
				CLANG_WARN_UNGUARDED_AVAILABILITY = YES_AGGRESSIVE;
				CLANG_WARN_UNREACHABLE_CODE = YES;
				CLANG_WARN__DUPLICATE_METHOD_MATCH = YES;
				CODE_SIGN_IDENTITY = "iPhone Developer";
				COPY_PHASE_STRIP = NO;
				DEBUG_INFORMATION_FORMAT = dwarf;
				ENABLE_STRICT_OBJC_MSGSEND = YES;
				ENABLE_TESTABILITY = YES;
				GCC_C_LANGUAGE_STANDARD = gnu11;
				GCC_DYNAMIC_NO_PIC = NO;
				GCC_NO_COMMON_BLOCKS = YES;
				GCC_OPTIMIZATION_LEVEL = 0;
				GCC_PREPROCESSOR_DEFINITIONS = (
					"DEBUG=1",
					"$(inherited)",
				);
				GCC_WARN_64_TO_32_BIT_CONVERSION = YES;
				GCC_WARN_ABOUT_RETURN_TYPE = YES_ERROR;
				GCC_WARN_UNDECLARED_SELECTOR = YES;
				GCC_WARN_UNINITIALIZED_AUTOS = YES_AGGRESSIVE;
				GCC_WARN_UNUSED_FUNCTION = YES;
				GCC_WARN_UNUSED_VARIABLE = YES;
				IPHONEOS_DEPLOYMENT_TARGET = 12.1;
				MTL_ENABLE_DEBUG_INFO = INCLUDE_SOURCE;
				MTL_FAST_MATH = YES;
				ONLY_ACTIVE_ARCH = YES;
				SDKROOT = iphoneos;
			};
			name = Debug;
		};
		F71C6A0621CD48C600E4CDE5 /* Release */ = {
			isa = XCBuildConfiguration;
			buildSettings = {
				ALWAYS_SEARCH_USER_PATHS = NO;
				CLANG_ANALYZER_NONNULL = YES;
				CLANG_ANALYZER_NUMBER_OBJECT_CONVERSION = YES_AGGRESSIVE;
				CLANG_CXX_LANGUAGE_STANDARD = "gnu++14";
				CLANG_CXX_LIBRARY = "libc++";
				CLANG_ENABLE_MODULES = YES;
				CLANG_ENABLE_OBJC_ARC = YES;
				CLANG_ENABLE_OBJC_WEAK = YES;
				CLANG_WARN_BLOCK_CAPTURE_AUTORELEASING = YES;
				CLANG_WARN_BOOL_CONVERSION = YES;
				CLANG_WARN_COMMA = YES;
				CLANG_WARN_CONSTANT_CONVERSION = YES;
				CLANG_WARN_DEPRECATED_OBJC_IMPLEMENTATIONS = YES;
				CLANG_WARN_DIRECT_OBJC_ISA_USAGE = YES_ERROR;
				CLANG_WARN_DOCUMENTATION_COMMENTS = YES;
				CLANG_WARN_EMPTY_BODY = YES;
				CLANG_WARN_ENUM_CONVERSION = YES;
				CLANG_WARN_INFINITE_RECURSION = YES;
				CLANG_WARN_INT_CONVERSION = YES;
				CLANG_WARN_NON_LITERAL_NULL_CONVERSION = YES;
				CLANG_WARN_OBJC_IMPLICIT_RETAIN_SELF = YES;
				CLANG_WARN_OBJC_LITERAL_CONVERSION = YES;
				CLANG_WARN_OBJC_ROOT_CLASS = YES_ERROR;
				CLANG_WARN_RANGE_LOOP_ANALYSIS = YES;
				CLANG_WARN_STRICT_PROTOTYPES = YES;
				CLANG_WARN_SUSPICIOUS_MOVE = YES;
				CLANG_WARN_UNGUARDED_AVAILABILITY = YES_AGGRESSIVE;
				CLANG_WARN_UNREACHABLE_CODE = YES;
				CLANG_WARN__DUPLICATE_METHOD_MATCH = YES;
				CODE_SIGN_IDENTITY = "iPhone Developer";
				COPY_PHASE_STRIP = NO;
				DEBUG_INFORMATION_FORMAT = "dwarf-with-dsym";
				ENABLE_NS_ASSERTIONS = NO;
				ENABLE_STRICT_OBJC_MSGSEND = YES;
				GCC_C_LANGUAGE_STANDARD = gnu11;
				GCC_NO_COMMON_BLOCKS = YES;
				GCC_WARN_64_TO_32_BIT_CONVERSION = YES;
				GCC_WARN_ABOUT_RETURN_TYPE = YES_ERROR;
				GCC_WARN_UNDECLARED_SELECTOR = YES;
				GCC_WARN_UNINITIALIZED_AUTOS = YES_AGGRESSIVE;
				GCC_WARN_UNUSED_FUNCTION = YES;
				GCC_WARN_UNUSED_VARIABLE = YES;
				IPHONEOS_DEPLOYMENT_TARGET = 12.1;
				MTL_ENABLE_DEBUG_INFO = NO;
				MTL_FAST_MATH = YES;
				SDKROOT = iphoneos;
				VALIDATE_PRODUCT = YES;
			};
			name = Release;
		};
		F71C6A0821CD48C600E4CDE5 /* Debug */ = {
			isa = XCBuildConfiguration;
			buildSettings = {
				ASSETCATALOG_COMPILER_APPICON_NAME = AppIcon;
				CLANG_ENABLE_MODULES = YES;
				CODE_SIGN_STYLE = Automatic;
				DEVELOPMENT_TEAM = 6XHS9MLH4Q;
				INFOPLIST_FILE = "$(SRCROOT)/MovieAppObjC23/resources/Info.plist";
				LD_RUNPATH_SEARCH_PATHS = (
					"$(inherited)",
					"@executable_path/Frameworks",
				);
				PRODUCT_BUNDLE_IDENTIFIER = mcdaris.MovieAppObjC23;
				PRODUCT_NAME = "$(TARGET_NAME)";
				SWIFT_OBJC_BRIDGING_HEADER = "MovieAppObjC23/view controllers/MovieAppObjC23-Bridging-Header.h";
				SWIFT_OPTIMIZATION_LEVEL = "-Onone";
				SWIFT_VERSION = 4.2;
				TARGETED_DEVICE_FAMILY = "1,2";
			};
			name = Debug;
		};
		F71C6A0921CD48C600E4CDE5 /* Release */ = {
			isa = XCBuildConfiguration;
			buildSettings = {
				ASSETCATALOG_COMPILER_APPICON_NAME = AppIcon;
				CLANG_ENABLE_MODULES = YES;
				CODE_SIGN_STYLE = Automatic;
				DEVELOPMENT_TEAM = 6XHS9MLH4Q;
				INFOPLIST_FILE = "$(SRCROOT)/MovieAppObjC23/resources/Info.plist";
				LD_RUNPATH_SEARCH_PATHS = (
					"$(inherited)",
					"@executable_path/Frameworks",
				);
				PRODUCT_BUNDLE_IDENTIFIER = mcdaris.MovieAppObjC23;
				PRODUCT_NAME = "$(TARGET_NAME)";
				SWIFT_OBJC_BRIDGING_HEADER = "MovieAppObjC23/view controllers/MovieAppObjC23-Bridging-Header.h";
				SWIFT_VERSION = 4.2;
				TARGETED_DEVICE_FAMILY = "1,2";
			};
			name = Release;
		};
/* End XCBuildConfiguration section */

/* Begin XCConfigurationList section */
		F71C69EC21CD48C400E4CDE5 /* Build configuration list for PBXProject "MovieAppObjC23" */ = {
			isa = XCConfigurationList;
			buildConfigurations = (
				F71C6A0521CD48C600E4CDE5 /* Debug */,
				F71C6A0621CD48C600E4CDE5 /* Release */,
			);
			defaultConfigurationIsVisible = 0;
			defaultConfigurationName = Release;
		};
		F71C6A0721CD48C600E4CDE5 /* Build configuration list for PBXNativeTarget "MovieAppObjC23" */ = {
			isa = XCConfigurationList;
			buildConfigurations = (
				F71C6A0821CD48C600E4CDE5 /* Debug */,
				F71C6A0921CD48C600E4CDE5 /* Release */,
			);
			defaultConfigurationIsVisible = 0;
			defaultConfigurationName = Release;
		};
/* End XCConfigurationList section */
	};
	rootObject = F71C69E921CD48C400E4CDE5 /* Project object */;
}
